
Microsoft Visual Studio Solution File, Format Version 12.00
# Visual Studio Version 16
VisualStudioVersion = 16.0.30804.86
MinimumVisualStudioVersion = 10.0.40219.1
Project("{FAE04EC0-301F-11D3-BF4B-00C04F79EFBC}") = "CyclopsEngineOverheat", "CyclopsEngineOverheatMonitor\CyclopsEngineOverheat.csproj", "{28981319-7831-4B4A-B2A7-C36106F25B08}"
EndProject
Project("{FAE04EC0-301F-11D3-BF4B-00C04F79EFBC}") = "CyclopsEngineOverheatSettings", "CyclopsEngineOverheatSettings\CyclopsEngineOverheatSettings.csproj", "{8CC433CD-665C-4737-B283-67B55D02B05F}"
EndProject
Project("{FAE04EC0-301F-11D3-BF4B-00C04F79EFBC}") = "DAATQS", "DAATQS\DAATQS.csproj", "{B63EB6D5-66F6-433B-9C7D-F6C436C0DE88}"
EndProject
Project("{FAE04EC0-301F-11D3-BF4B-00C04F79EFBC}") = "DAATQS_BZ", "DAATQS_BZ\DAATQS_BZ.csproj", "{43A17459-63C4-4CB3-B027-6CA05AADEF4E}"
EndProject
Project("{FAE04EC0-301F-11D3-BF4B-00C04F79EFBC}") = "MetalHands", "MetalHands\MetalHands.csproj", "{922CFE4F-0C2C-416D-9C78-C2CDF968365D}"
EndProject
Project("{FAE04EC0-301F-11D3-BF4B-00C04F79EFBC}") = "MetalHands_BZ", "MetalHands_BZ\MetalHands_BZ.csproj", "{976A26A8-848E-49AB-B0DA-2B3422827858}"
EndProject
Project("{FAE04EC0-301F-11D3-BF4B-00C04F79EFBC}") = "MorePathfinderNodes", "MorePathfinderNodes\MorePathfinderNodes.csproj", "{B06504DD-0042-4BF0-9177-2E37B8156835}"
EndProject
Global
	GlobalSection(SolutionConfigurationPlatforms) = preSolution
		Debug|Any CPU = Debug|Any CPU
		Release|Any CPU = Release|Any CPU
	EndGlobalSection
	GlobalSection(ProjectConfigurationPlatforms) = postSolution
		{28981319-7831-4B4A-B2A7-C36106F25B08}.Debug|Any CPU.ActiveCfg = Debug|Any CPU
		{28981319-7831-4B4A-B2A7-C36106F25B08}.Debug|Any CPU.Build.0 = Debug|Any CPU
		{28981319-7831-4B4A-B2A7-C36106F25B08}.Release|Any CPU.ActiveCfg = Release|Any CPU
		{28981319-7831-4B4A-B2A7-C36106F25B08}.Release|Any CPU.Build.0 = Release|Any CPU
		{8CC433CD-665C-4737-B283-67B55D02B05F}.Debug|Any CPU.ActiveCfg = Debug|Any CPU
		{8CC433CD-665C-4737-B283-67B55D02B05F}.Debug|Any CPU.Build.0 = Debug|Any CPU
		{8CC433CD-665C-4737-B283-67B55D02B05F}.Release|Any CPU.ActiveCfg = Release|Any CPU
		{8CC433CD-665C-4737-B283-67B55D02B05F}.Release|Any CPU.Build.0 = Release|Any CPU
		{B63EB6D5-66F6-433B-9C7D-F6C436C0DE88}.Debug|Any CPU.ActiveCfg = Debug|Any CPU
		{B63EB6D5-66F6-433B-9C7D-F6C436C0DE88}.Debug|Any CPU.Build.0 = Debug|Any CPU
		{B63EB6D5-66F6-433B-9C7D-F6C436C0DE88}.Release|Any CPU.ActiveCfg = Release|Any CPU
		{B63EB6D5-66F6-433B-9C7D-F6C436C0DE88}.Release|Any CPU.Build.0 = Release|Any CPU
		{43A17459-63C4-4CB3-B027-6CA05AADEF4E}.Debug|Any CPU.ActiveCfg = Debug|Any CPU
		{43A17459-63C4-4CB3-B027-6CA05AADEF4E}.Debug|Any CPU.Build.0 = Debug|Any CPU
		{43A17459-63C4-4CB3-B027-6CA05AADEF4E}.Release|Any CPU.ActiveCfg = Release|Any CPU
		{43A17459-63C4-4CB3-B027-6CA05AADEF4E}.Release|Any CPU.Build.0 = Release|Any CPU
		{922CFE4F-0C2C-416D-9C78-C2CDF968365D}.Debug|Any CPU.ActiveCfg = Debug|Any CPU
		{922CFE4F-0C2C-416D-9C78-C2CDF968365D}.Debug|Any CPU.Build.0 = Debug|Any CPU
		{922CFE4F-0C2C-416D-9C78-C2CDF968365D}.Release|Any CPU.ActiveCfg = Release|Any CPU
		{922CFE4F-0C2C-416D-9C78-C2CDF968365D}.Release|Any CPU.Build.0 = Release|Any CPU
		{976A26A8-848E-49AB-B0DA-2B3422827858}.Debug|Any CPU.ActiveCfg = Debug|Any CPU
		{976A26A8-848E-49AB-B0DA-2B3422827858}.Debug|Any CPU.Build.0 = Debug|Any CPU
		{976A26A8-848E-49AB-B0DA-2B3422827858}.Release|Any CPU.ActiveCfg = Release|Any CPU
		{976A26A8-848E-49AB-B0DA-2B3422827858}.Release|Any CPU.Build.0 = Release|Any CPU
		{B06504DD-0042-4BF0-9177-2E37B8156835}.Debug|Any CPU.ActiveCfg = Debug|Any CPU
		{B06504DD-0042-4BF0-9177-2E37B8156835}.Debug|Any CPU.Build.0 = Debug|Any CPU
		{B06504DD-0042-4BF0-9177-2E37B8156835}.Release|Any CPU.ActiveCfg = Release|Any CPU
		{B06504DD-0042-4BF0-9177-2E37B8156835}.Release|Any CPU.Build.0 = Release|Any CPU
	EndGlobalSection
	GlobalSection(SolutionProperties) = preSolution
		HideSolutionNode = FALSE
	EndGlobalSection
	GlobalSection(ExtensibilityGlobals) = postSolution
		SolutionGuid = {57119665-22AF-4EFF-8EF8-27FBB9B5A75F}
	EndGlobalSection
EndGlobal
