
Microsoft Visual Studio Solution File, Format Version 12.00
# Visual Studio Version 16
VisualStudioVersion = 16.0.30804.86
MinimumVisualStudioVersion = 10.0.40219.1
Project("{FAE04EC0-301F-11D3-BF4B-00C04F79EFBC}") = "CyclopsEngineOverheat", "CyclopsEngineOverheatMonitor\CyclopsEngineOverheat.csproj", "{28981319-7831-4B4A-B2A7-C36106F25B08}"
EndProject
Project("{FAE04EC0-301F-11D3-BF4B-00C04F79EFBC}") = "CyclopsEngineOverheatSettings", "CyclopsEngineOverheatSettings\CyclopsEngineOverheatSettings.csproj", "{8CC433CD-665C-4737-B283-67B55D02B05F}"
EndProject
Project("{FAE04EC0-301F-11D3-BF4B-00C04F79EFBC}") = "DAATQS", "DAATQS\DAATQS.csproj", "{B63EB6D5-66F6-433B-9C7D-F6C436C0DE88}"
EndProject
Project("{FAE04EC0-301F-11D3-BF4B-00C04F79EFBC}") = "DAATQS_BZ", "DAATQS_BZ\DAATQS_BZ.csproj", "{43A17459-63C4-4CB3-B027-6CA05AADEF4E}"
EndProject
Project("{FAE04EC0-301F-11D3-BF4B-00C04F79EFBC}") = "MetalHands", "MetalHands\MetalHands.csproj", "{922CFE4F-0C2C-416D-9C78-C2CDF968365D}"
EndProject
Project("{FAE04EC0-301F-11D3-BF4B-00C04F79EFBC}") = "MetalHands_BZ", "MetalHands_BZ\MetalHands_BZ.csproj", "{976A26A8-848E-49AB-B0DA-2B3422827858}"
EndProject
Project("{FAE04EC0-301F-11D3-BF4B-00C04F79EFBC}") = "MorePathfinderNodes", "MorePathfinderNodes\MorePathfinderNodes.csproj", "{B06504DD-0042-4BF0-9177-2E37B8156835}"
EndProject
Project("{FAE04EC0-301F-11D3-BF4B-00C04F79EFBC}") = "MorePathfinderNodes_BZ", "MorePathfinderNodes_BZ\MorePathfinderNodes_BZ.csproj", "{33F9AF53-2B4F-4EDA-ADF2-A186B160FE91}"
EndProject
Project("{FAE04EC0-301F-11D3-BF4B-00C04F79EFBC}") = "StorageInfo_BZ", "StorageInfo_BZ\StorageInfo_BZ.csproj", "{020EC354-B543-463D-A557-39881E1D4320}"
EndProject
Project("{FAE04EC0-301F-11D3-BF4B-00C04F79EFBC}") = "BetterThumper", "BetterThumper\BetterThumper.csproj", "{7509414D-CDBA-4B69-8DBE-C2F188366E1F}"
EndProject
Project("{FAE04EC0-301F-11D3-BF4B-00C04F79EFBC}") = "Snowfoxcloak", "Snowfoxcloak\Snowfoxcloak.csproj", "{FB9CA063-35DF-458B-99F2-4E893E1AB99F}"
EndProject
Project("{FAE04EC0-301F-11D3-BF4B-00C04F79EFBC}") = "Warnbeforebreak", "Warnbeforebreak\Warnbeforebreak.csproj", "{1F53FC6B-0DFC-4B56-82BB-0C0369ECEB52}"
EndProject
Project("{FAE04EC0-301F-11D3-BF4B-00C04F79EFBC}") = "Warnbeforebreak_BZ", "Warnbeforebreak_BZ\Warnbeforebreak_BZ.csproj", "{2477BEE5-1F0B-48D9-9FE7-AB2E8C7AE5DA}"
EndProject
Project("{FAE04EC0-301F-11D3-BF4B-00C04F79EFBC}") = "DAATQS_Nitrox", "DAATQS_Nitrox\DAATQS_Nitrox.csproj", "{058B5361-6D8D-4C2B-A6E2-EF7AFC48F571}"
EndProject
Project("{FAE04EC0-301F-11D3-BF4B-00C04F79EFBC}") = "PickupInventoryInfo_Nitrox", "PickupInventoryInfo_Nitrox\PickupInventoryInfo_Nitrox.csproj", "{F48E4DBA-4C82-4E2B-B385-5A2D4344285B}"
EndProject
Project("{FAE04EC0-301F-11D3-BF4B-00C04F79EFBC}") = "StorageInfo_Nitrox", "StorageInfo_Nitrox\StorageInfo_Nitrox.csproj", "{F9501298-B3C0-464C-92CD-8F9E7BDD2F34}"
EndProject
Project("{FAE04EC0-301F-11D3-BF4B-00C04F79EFBC}") = "StorageInfo_SN", "StorageInfo_SN\StorageInfo_SN.csproj", "{E269A8FA-3E30-4E08-93C0-EEC3EE9474FF}"
EndProject
Global
	GlobalSection(SolutionConfigurationPlatforms) = preSolution
		Debug|Any CPU = Debug|Any CPU
		Release|Any CPU = Release|Any CPU
	EndGlobalSection
	GlobalSection(ProjectConfigurationPlatforms) = postSolution
		{28981319-7831-4B4A-B2A7-C36106F25B08}.Debug|Any CPU.ActiveCfg = Debug|Any CPU
		{28981319-7831-4B4A-B2A7-C36106F25B08}.Debug|Any CPU.Build.0 = Debug|Any CPU
		{28981319-7831-4B4A-B2A7-C36106F25B08}.Release|Any CPU.ActiveCfg = Release|Any CPU
		{28981319-7831-4B4A-B2A7-C36106F25B08}.Release|Any CPU.Build.0 = Release|Any CPU
		{8CC433CD-665C-4737-B283-67B55D02B05F}.Debug|Any CPU.ActiveCfg = Debug|Any CPU
		{8CC433CD-665C-4737-B283-67B55D02B05F}.Debug|Any CPU.Build.0 = Debug|Any CPU
		{8CC433CD-665C-4737-B283-67B55D02B05F}.Release|Any CPU.ActiveCfg = Release|Any CPU
		{8CC433CD-665C-4737-B283-67B55D02B05F}.Release|Any CPU.Build.0 = Release|Any CPU
		{B63EB6D5-66F6-433B-9C7D-F6C436C0DE88}.Debug|Any CPU.ActiveCfg = Debug|Any CPU
		{B63EB6D5-66F6-433B-9C7D-F6C436C0DE88}.Debug|Any CPU.Build.0 = Debug|Any CPU
		{B63EB6D5-66F6-433B-9C7D-F6C436C0DE88}.Release|Any CPU.ActiveCfg = Release|Any CPU
		{B63EB6D5-66F6-433B-9C7D-F6C436C0DE88}.Release|Any CPU.Build.0 = Release|Any CPU
		{43A17459-63C4-4CB3-B027-6CA05AADEF4E}.Debug|Any CPU.ActiveCfg = Debug|Any CPU
		{43A17459-63C4-4CB3-B027-6CA05AADEF4E}.Debug|Any CPU.Build.0 = Debug|Any CPU
		{43A17459-63C4-4CB3-B027-6CA05AADEF4E}.Release|Any CPU.ActiveCfg = Release|Any CPU
		{43A17459-63C4-4CB3-B027-6CA05AADEF4E}.Release|Any CPU.Build.0 = Release|Any CPU
		{922CFE4F-0C2C-416D-9C78-C2CDF968365D}.Debug|Any CPU.ActiveCfg = Debug|Any CPU
		{922CFE4F-0C2C-416D-9C78-C2CDF968365D}.Debug|Any CPU.Build.0 = Debug|Any CPU
		{922CFE4F-0C2C-416D-9C78-C2CDF968365D}.Release|Any CPU.ActiveCfg = Release|Any CPU
		{922CFE4F-0C2C-416D-9C78-C2CDF968365D}.Release|Any CPU.Build.0 = Release|Any CPU
		{976A26A8-848E-49AB-B0DA-2B3422827858}.Debug|Any CPU.ActiveCfg = Debug|Any CPU
		{976A26A8-848E-49AB-B0DA-2B3422827858}.Debug|Any CPU.Build.0 = Debug|Any CPU
		{976A26A8-848E-49AB-B0DA-2B3422827858}.Release|Any CPU.ActiveCfg = Release|Any CPU
		{976A26A8-848E-49AB-B0DA-2B3422827858}.Release|Any CPU.Build.0 = Release|Any CPU
		{B06504DD-0042-4BF0-9177-2E37B8156835}.Debug|Any CPU.ActiveCfg = Debug|Any CPU
		{B06504DD-0042-4BF0-9177-2E37B8156835}.Debug|Any CPU.Build.0 = Debug|Any CPU
		{B06504DD-0042-4BF0-9177-2E37B8156835}.Release|Any CPU.ActiveCfg = Release|Any CPU
		{B06504DD-0042-4BF0-9177-2E37B8156835}.Release|Any CPU.Build.0 = Release|Any CPU
		{33F9AF53-2B4F-4EDA-ADF2-A186B160FE91}.Debug|Any CPU.ActiveCfg = Debug|Any CPU
		{33F9AF53-2B4F-4EDA-ADF2-A186B160FE91}.Debug|Any CPU.Build.0 = Debug|Any CPU
		{33F9AF53-2B4F-4EDA-ADF2-A186B160FE91}.Release|Any CPU.ActiveCfg = Release|Any CPU
		{33F9AF53-2B4F-4EDA-ADF2-A186B160FE91}.Release|Any CPU.Build.0 = Release|Any CPU
		{020EC354-B543-463D-A557-39881E1D4320}.Debug|Any CPU.ActiveCfg = Debug|Any CPU
		{020EC354-B543-463D-A557-39881E1D4320}.Debug|Any CPU.Build.0 = Debug|Any CPU
		{020EC354-B543-463D-A557-39881E1D4320}.Release|Any CPU.ActiveCfg = Release|Any CPU
		{020EC354-B543-463D-A557-39881E1D4320}.Release|Any CPU.Build.0 = Release|Any CPU
		{7509414D-CDBA-4B69-8DBE-C2F188366E1F}.Debug|Any CPU.ActiveCfg = Debug|Any CPU
		{7509414D-CDBA-4B69-8DBE-C2F188366E1F}.Debug|Any CPU.Build.0 = Debug|Any CPU
		{7509414D-CDBA-4B69-8DBE-C2F188366E1F}.Release|Any CPU.ActiveCfg = Release|Any CPU
		{7509414D-CDBA-4B69-8DBE-C2F188366E1F}.Release|Any CPU.Build.0 = Release|Any CPU
		{FB9CA063-35DF-458B-99F2-4E893E1AB99F}.Debug|Any CPU.ActiveCfg = Debug|Any CPU
		{FB9CA063-35DF-458B-99F2-4E893E1AB99F}.Debug|Any CPU.Build.0 = Debug|Any CPU
		{FB9CA063-35DF-458B-99F2-4E893E1AB99F}.Release|Any CPU.ActiveCfg = Release|Any CPU
		{FB9CA063-35DF-458B-99F2-4E893E1AB99F}.Release|Any CPU.Build.0 = Release|Any CPU
		{1F53FC6B-0DFC-4B56-82BB-0C0369ECEB52}.Debug|Any CPU.ActiveCfg = Debug|Any CPU
		{1F53FC6B-0DFC-4B56-82BB-0C0369ECEB52}.Debug|Any CPU.Build.0 = Debug|Any CPU
		{1F53FC6B-0DFC-4B56-82BB-0C0369ECEB52}.Release|Any CPU.ActiveCfg = Release|Any CPU
		{1F53FC6B-0DFC-4B56-82BB-0C0369ECEB52}.Release|Any CPU.Build.0 = Release|Any CPU
		{2477BEE5-1F0B-48D9-9FE7-AB2E8C7AE5DA}.Debug|Any CPU.ActiveCfg = Debug|Any CPU
		{2477BEE5-1F0B-48D9-9FE7-AB2E8C7AE5DA}.Debug|Any CPU.Build.0 = Debug|Any CPU
		{2477BEE5-1F0B-48D9-9FE7-AB2E8C7AE5DA}.Release|Any CPU.ActiveCfg = Release|Any CPU
		{2477BEE5-1F0B-48D9-9FE7-AB2E8C7AE5DA}.Release|Any CPU.Build.0 = Release|Any CPU
		{058B5361-6D8D-4C2B-A6E2-EF7AFC48F571}.Debug|Any CPU.ActiveCfg = Debug|Any CPU
		{058B5361-6D8D-4C2B-A6E2-EF7AFC48F571}.Debug|Any CPU.Build.0 = Debug|Any CPU
		{058B5361-6D8D-4C2B-A6E2-EF7AFC48F571}.Release|Any CPU.ActiveCfg = Release|Any CPU
		{058B5361-6D8D-4C2B-A6E2-EF7AFC48F571}.Release|Any CPU.Build.0 = Release|Any CPU
		{F48E4DBA-4C82-4E2B-B385-5A2D4344285B}.Debug|Any CPU.ActiveCfg = Debug|Any CPU
		{F48E4DBA-4C82-4E2B-B385-5A2D4344285B}.Debug|Any CPU.Build.0 = Debug|Any CPU
		{F48E4DBA-4C82-4E2B-B385-5A2D4344285B}.Release|Any CPU.ActiveCfg = Release|Any CPU
		{F48E4DBA-4C82-4E2B-B385-5A2D4344285B}.Release|Any CPU.Build.0 = Release|Any CPU
		{F9501298-B3C0-464C-92CD-8F9E7BDD2F34}.Debug|Any CPU.ActiveCfg = Debug|Any CPU
		{F9501298-B3C0-464C-92CD-8F9E7BDD2F34}.Debug|Any CPU.Build.0 = Debug|Any CPU
		{F9501298-B3C0-464C-92CD-8F9E7BDD2F34}.Release|Any CPU.ActiveCfg = Release|Any CPU
		{F9501298-B3C0-464C-92CD-8F9E7BDD2F34}.Release|Any CPU.Build.0 = Release|Any CPU
		{E269A8FA-3E30-4E08-93C0-EEC3EE9474FF}.Debug|Any CPU.ActiveCfg = Debug|Any CPU
		{E269A8FA-3E30-4E08-93C0-EEC3EE9474FF}.Debug|Any CPU.Build.0 = Debug|Any CPU
		{E269A8FA-3E30-4E08-93C0-EEC3EE9474FF}.Release|Any CPU.ActiveCfg = Release|Any CPU
		{E269A8FA-3E30-4E08-93C0-EEC3EE9474FF}.Release|Any CPU.Build.0 = Release|Any CPU
	EndGlobalSection
	GlobalSection(SolutionProperties) = preSolution
		HideSolutionNode = FALSE
	EndGlobalSection
	GlobalSection(ExtensibilityGlobals) = postSolution
		SolutionGuid = {57119665-22AF-4EFF-8EF8-27FBB9B5A75F}
	EndGlobalSection
EndGlobal
